
Microsoft Visual Studio Solution File, Format Version 12.00
# Visual Studio Version 17
VisualStudioVersion = 17.5.002.0
MinimumVisualStudioVersion = 10.0.40219.1
Project("{9A19103F-16F7-4668-BE54-9A1E7A4F7556}") = "FindMin", "FindMin.csproj", "{BDEC1AE2-F861-4974-90B4-FE31848E1C04}"
EndProject
Global
	GlobalSection(SolutionConfigurationPlatforms) = preSolution
		Debug|Any CPU = Debug|Any CPU
		Release|Any CPU = Release|Any CPU
	EndGlobalSection
	GlobalSection(ProjectConfigurationPlatforms) = postSolution
		{BDEC1AE2-F861-4974-90B4-FE31848E1C04}.Debug|Any CPU.ActiveCfg = Debug|Any CPU
		{BDEC1AE2-F861-4974-90B4-FE31848E1C04}.Debug|Any CPU.Build.0 = Debug|Any CPU
		{BDEC1AE2-F861-4974-90B4-FE31848E1C04}.Release|Any CPU.ActiveCfg = Release|Any CPU
		{BDEC1AE2-F861-4974-90B4-FE31848E1C04}.Release|Any CPU.Build.0 = Release|Any CPU
	EndGlobalSection
	GlobalSection(SolutionProperties) = preSolution
		HideSolutionNode = FALSE
	EndGlobalSection
	GlobalSection(ExtensibilityGlobals) = postSolution
		SolutionGuid = {544B0262-A9F7-46E6-BC42-D6A97825D1D4}
	EndGlobalSection
EndGlobal
